// !$*UTF8*$!
{
	archiveVersion = 1;
	classes = {
	};
	objectVersion = 46;
	objects = {

/* Begin PBXBuildFile section */
		738F25221B22C9B7009CBB65 /* AppDelegate.swift in Sources */ = {isa = PBXBuildFile; fileRef = 738F25211B22C9B7009CBB65 /* AppDelegate.swift */; };
		738F25241B22C9B7009CBB65 /* ViewController.swift in Sources */ = {isa = PBXBuildFile; fileRef = 738F25231B22C9B7009CBB65 /* ViewController.swift */; };
		738F25261B22C9B7009CBB65 /* Images.xcassets in Resources */ = {isa = PBXBuildFile; fileRef = 738F25251B22C9B7009CBB65 /* Images.xcassets */; };
		738F25291B22C9B7009CBB65 /* Main.storyboard in Resources */ = {isa = PBXBuildFile; fileRef = 738F25271B22C9B7009CBB65 /* Main.storyboard */; };
		738F25351B22C9B7009CBB65 /* LetronomTests.swift in Sources */ = {isa = PBXBuildFile; fileRef = 738F25341B22C9B7009CBB65 /* LetronomTests.swift */; };
/* End PBXBuildFile section */

/* Begin PBXContainerItemProxy section */
		738F252F1B22C9B7009CBB65 /* PBXContainerItemProxy */ = {
			isa = PBXContainerItemProxy;
			containerPortal = 738F25141B22C9B7009CBB65 /* Project object */;
			proxyType = 1;
			remoteGlobalIDString = 738F251B1B22C9B7009CBB65;
			remoteInfo = Letronom;
		};
/* End PBXContainerItemProxy section */

/* Begin PBXFileReference section */
		738F251C1B22C9B7009CBB65 /* Letronom.app */ = {isa = PBXFileReference; explicitFileType = wrapper.application; includeInIndex = 0; path = Letronom.app; sourceTree = BUILT_PRODUCTS_DIR; };
		738F25201B22C9B7009CBB65 /* Info.plist */ = {isa = PBXFileReference; lastKnownFileType = text.plist.xml; path = Info.plist; sourceTree = "<group>"; };
		738F25211B22C9B7009CBB65 /* AppDelegate.swift */ = {isa = PBXFileReference; lastKnownFileType = sourcecode.swift; path = AppDelegate.swift; sourceTree = "<group>"; };
		738F25231B22C9B7009CBB65 /* ViewController.swift */ = {isa = PBXFileReference; lastKnownFileType = sourcecode.swift; path = ViewController.swift; sourceTree = "<group>"; };
		738F25251B22C9B7009CBB65 /* Images.xcassets */ = {isa = PBXFileReference; lastKnownFileType = folder.assetcatalog; path = Images.xcassets; sourceTree = "<group>"; };
		738F25281B22C9B7009CBB65 /* Base */ = {isa = PBXFileReference; lastKnownFileType = file.storyboard; name = Base; path = Base.lproj/Main.storyboard; sourceTree = "<group>"; };
		738F252E1B22C9B7009CBB65 /* LetronomTests.xctest */ = {isa = PBXFileReference; explicitFileType = wrapper.cfbundle; includeInIndex = 0; path = LetronomTests.xctest; sourceTree = BUILT_PRODUCTS_DIR; };
		738F25331B22C9B7009CBB65 /* Info.plist */ = {isa = PBXFileReference; lastKnownFileType = text.plist.xml; path = Info.plist; sourceTree = "<group>"; };
		738F25341B22C9B7009CBB65 /* LetronomTests.swift */ = {isa = PBXFileReference; lastKnownFileType = sourcecode.swift; path = LetronomTests.swift; sourceTree = "<group>"; };
/* End PBXFileReference section */

/* Begin PBXFrameworksBuildPhase section */
		738F25191B22C9B7009CBB65 /* Frameworks */ = {
			isa = PBXFrameworksBuildPhase;
			buildActionMask = 2147483647;
			files = (
			);
			runOnlyForDeploymentPostprocessing = 0;
		};
		738F252B1B22C9B7009CBB65 /* Frameworks */ = {
			isa = PBXFrameworksBuildPhase;
			buildActionMask = 2147483647;
			files = (
			);
			runOnlyForDeploymentPostprocessing = 0;
		};
/* End PBXFrameworksBuildPhase section */

/* Begin PBXGroup section */
		738F25131B22C9B7009CBB65 = {
			isa = PBXGroup;
			children = (
				738F251E1B22C9B7009CBB65 /* Letronom */,
				738F25311B22C9B7009CBB65 /* LetronomTests */,
				738F251D1B22C9B7009CBB65 /* Products */,
			);
			sourceTree = "<group>";
		};
		738F251D1B22C9B7009CBB65 /* Products */ = {
			isa = PBXGroup;
			children = (
				738F251C1B22C9B7009CBB65 /* Letronom.app */,
				738F252E1B22C9B7009CBB65 /* LetronomTests.xctest */,
			);
			name = Products;
			sourceTree = "<group>";
		};
		738F251E1B22C9B7009CBB65 /* Letronom */ = {
			isa = PBXGroup;
			children = (
				738F25211B22C9B7009CBB65 /* AppDelegate.swift */,
				738F25231B22C9B7009CBB65 /* ViewController.swift */,
				738F25251B22C9B7009CBB65 /* Images.xcassets */,
				738F25271B22C9B7009CBB65 /* Main.storyboard */,
				738F251F1B22C9B7009CBB65 /* Supporting Files */,
			);
			path = Letronom;
			sourceTree = "<group>";
		};
		738F251F1B22C9B7009CBB65 /* Supporting Files */ = {
			isa = PBXGroup;
			children = (
				738F25201B22C9B7009CBB65 /* Info.plist */,
			);
			name = "Supporting Files";
			sourceTree = "<group>";
		};
		738F25311B22C9B7009CBB65 /* LetronomTests */ = {
			isa = PBXGroup;
			children = (
				738F25341B22C9B7009CBB65 /* LetronomTests.swift */,
				738F25321B22C9B7009CBB65 /* Supporting Files */,
			);
			path = LetronomTests;
			sourceTree = "<group>";
		};
		738F25321B22C9B7009CBB65 /* Supporting Files */ = {
			isa = PBXGroup;
			children = (
				738F25331B22C9B7009CBB65 /* Info.plist */,
			);
			name = "Supporting Files";
			sourceTree = "<group>";
		};
/* End PBXGroup section */

/* Begin PBXNativeTarget section */
		738F251B1B22C9B7009CBB65 /* Letronom */ = {
			isa = PBXNativeTarget;
			buildConfigurationList = 738F25381B22C9B7009CBB65 /* Build configuration list for PBXNativeTarget "Letronom" */;
			buildPhases = (
				738F25181B22C9B7009CBB65 /* Sources */,
				738F25191B22C9B7009CBB65 /* Frameworks */,
				738F251A1B22C9B7009CBB65 /* Resources */,
			);
			buildRules = (
			);
			dependencies = (
			);
			name = Letronom;
			productName = Letronom;
			productReference = 738F251C1B22C9B7009CBB65 /* Letronom.app */;
			productType = "com.apple.product-type.application";
		};
		738F252D1B22C9B7009CBB65 /* LetronomTests */ = {
			isa = PBXNativeTarget;
			buildConfigurationList = 738F253B1B22C9B7009CBB65 /* Build configuration list for PBXNativeTarget "LetronomTests" */;
			buildPhases = (
				738F252A1B22C9B7009CBB65 /* Sources */,
				738F252B1B22C9B7009CBB65 /* Frameworks */,
				738F252C1B22C9B7009CBB65 /* Resources */,
			);
			buildRules = (
			);
			dependencies = (
				738F25301B22C9B7009CBB65 /* PBXTargetDependency */,
			);
			name = LetronomTests;
			productName = LetronomTests;
			productReference = 738F252E1B22C9B7009CBB65 /* LetronomTests.xctest */;
			productType = "com.apple.product-type.bundle.unit-test";
		};
/* End PBXNativeTarget section */

/* Begin PBXProject section */
		738F25141B22C9B7009CBB65 /* Project object */ = {
			isa = PBXProject;
			attributes = {
				LastUpgradeCheck = 0630;
				ORGANIZATIONNAME = "Shohei Urano";
				TargetAttributes = {
					738F251B1B22C9B7009CBB65 = {
						CreatedOnToolsVersion = 6.3.2;
					};
					738F252D1B22C9B7009CBB65 = {
						CreatedOnToolsVersion = 6.3.2;
						TestTargetID = 738F251B1B22C9B7009CBB65;
					};
				};
			};
			buildConfigurationList = 738F25171B22C9B7009CBB65 /* Build configuration list for PBXProject "Letronom" */;
			compatibilityVersion = "Xcode 3.2";
			developmentRegion = English;
			hasScannedForEncodings = 0;
			knownRegions = (
				en,
				Base,
			);
			mainGroup = 738F25131B22C9B7009CBB65;
			productRefGroup = 738F251D1B22C9B7009CBB65 /* Products */;
			projectDirPath = "";
			projectRoot = "";
			targets = (
				738F251B1B22C9B7009CBB65 /* Letronom */,
				738F252D1B22C9B7009CBB65 /* LetronomTests */,
			);
		};
/* End PBXProject section */

/* Begin PBXResourcesBuildPhase section */
		738F251A1B22C9B7009CBB65 /* Resources */ = {
			isa = PBXResourcesBuildPhase;
			buildActionMask = 2147483647;
			files = (
				738F25261B22C9B7009CBB65 /* Images.xcassets in Resources */,
				738F25291B22C9B7009CBB65 /* Main.storyboard in Resources */,
			);
			runOnlyForDeploymentPostprocessing = 0;
		};
		738F252C1B22C9B7009CBB65 /* Resources */ = {
			isa = PBXResourcesBuildPhase;
			buildActionMask = 2147483647;
			files = (
			);
			runOnlyForDeploymentPostprocessing = 0;
		};
/* End PBXResourcesBuildPhase section */

/* Begin PBXSourcesBuildPhase section */
		738F25181B22C9B7009CBB65 /* Sources */ = {
			isa = PBXSourcesBuildPhase;
			buildActionMask = 2147483647;
			files = (
				738F25241B22C9B7009CBB65 /* ViewController.swift in Sources */,
				738F25221B22C9B7009CBB65 /* AppDelegate.swift in Sources */,
			);
			runOnlyForDeploymentPostprocessing = 0;
		};
		738F252A1B22C9B7009CBB65 /* Sources */ = {
			isa = PBXSourcesBuildPhase;
			buildActionMask = 2147483647;
			files = (
				738F25351B22C9B7009CBB65 /* LetronomTests.swift in Sources */,
			);
			runOnlyForDeploymentPostprocessing = 0;
		};
/* End PBXSourcesBuildPhase section */

/* Begin PBXTargetDependency section */
		738F25301B22C9B7009CBB65 /* PBXTargetDependency */ = {
			isa = PBXTargetDependency;
			target = 738F251B1B22C9B7009CBB65 /* Letronom */;
			targetProxy = 738F252F1B22C9B7009CBB65 /* PBXContainerItemProxy */;
		};
/* End PBXTargetDependency section */

/* Begin PBXVariantGroup section */
		738F25271B22C9B7009CBB65 /* Main.storyboard */ = {
			isa = PBXVariantGroup;
			children = (
				738F25281B22C9B7009CBB65 /* Base */,
			);
			name = Main.storyboard;
			sourceTree = "<group>";
		};
/* End PBXVariantGroup section */

/* Begin XCBuildConfiguration section */
		738F25361B22C9B7009CBB65 /* Debug */ = {
			isa = XCBuildConfiguration;
			buildSettings = {
				ALWAYS_SEARCH_USER_PATHS = NO;
				CLANG_CXX_LANGUAGE_STANDARD = "gnu++0x";
				CLANG_CXX_LIBRARY = "libc++";
				CLANG_ENABLE_MODULES = YES;
				CLANG_ENABLE_OBJC_ARC = YES;
				CLANG_WARN_BOOL_CONVERSION = YES;
				CLANG_WARN_CONSTANT_CONVERSION = YES;
				CLANG_WARN_DIRECT_OBJC_ISA_USAGE = YES_ERROR;
				CLANG_WARN_EMPTY_BODY = YES;
				CLANG_WARN_ENUM_CONVERSION = YES;
				CLANG_WARN_INT_CONVERSION = YES;
				CLANG_WARN_OBJC_ROOT_CLASS = YES_ERROR;
				CLANG_WARN_UNREACHABLE_CODE = YES;
				CLANG_WARN__DUPLICATE_METHOD_MATCH = YES;
				CODE_SIGN_IDENTITY = "-";
				COPY_PHASE_STRIP = NO;
				DEBUG_INFORMATION_FORMAT = dwarf;
				ENABLE_STRICT_OBJC_MSGSEND = YES;
				GCC_C_LANGUAGE_STANDARD = gnu99;
				GCC_DYNAMIC_NO_PIC = NO;
				GCC_NO_COMMON_BLOCKS = YES;
				GCC_OPTIMIZATION_LEVEL = 0;
				GCC_PREPROCESSOR_DEFINITIONS = (
					"DEBUG=1",
					"$(inherited)",
				);
				GCC_SYMBOLS_PRIVATE_EXTERN = NO;
				GCC_WARN_64_TO_32_BIT_CONVERSION = YES;
				GCC_WARN_ABOUT_RETURN_TYPE = YES_ERROR;
				GCC_WARN_UNDECLARED_SELECTOR = YES;
				GCC_WARN_UNINITIALIZED_AUTOS = YES_AGGRESSIVE;
				GCC_WARN_UNUSED_FUNCTION = YES;
				GCC_WARN_UNUSED_VARIABLE = YES;
				MACOSX_DEPLOYMENT_TARGET = 10.10;
				MTL_ENABLE_DEBUG_INFO = YES;
				ONLY_ACTIVE_ARCH = YES;
				SDKROOT = macosx;
				SWIFT_OPTIMIZATION_LEVEL = "-Onone";
			};
			name = Debug;
		};
		738F25371B22C9B7009CBB65 /* Release */ = {
			isa = XCBuildConfiguration;
			buildSettings = {
				ALWAYS_SEARCH_USER_PATHS = NO;
				CLANG_CXX_LANGUAGE_STANDARD = "gnu++0x";
				CLANG_CXX_LIBRARY = "libc++";
				CLANG_ENABLE_MODULES = YES;
				CLANG_ENABLE_OBJC_ARC = YES;
				CLANG_WARN_BOOL_CONVERSION = YES;
				CLANG_WARN_CONSTANT_CONVERSION = YES;
				CLANG_WARN_DIRECT_OBJC_ISA_USAGE = YES_ERROR;
				CLANG_WARN_EMPTY_BODY = YES;
				CLANG_WARN_ENUM_CONVERSION = YES;
				CLANG_WARN_INT_CONVERSION = YES;
				CLANG_WARN_OBJC_ROOT_CLASS = YES_ERROR;
				CLANG_WARN_UNREACHABLE_CODE = YES;
				CLANG_WARN__DUPLICATE_METHOD_MATCH = YES;
				CODE_SIGN_IDENTITY = "-";
				COPY_PHASE_STRIP = NO;
				DEBUG_INFORMATION_FORMAT = "dwarf-with-dsym";
				ENABLE_NS_ASSERTIONS = NO;
				ENABLE_STRICT_OBJC_MSGSEND = YES;
				GCC_C_LANGUAGE_STANDARD = gnu99;
				GCC_NO_COMMON_BLOCKS = YES;
				GCC_WARN_64_TO_32_BIT_CONVERSION = YES;
				GCC_WARN_ABOUT_RETURN_TYPE = YES_ERROR;
				GCC_WARN_UNDECLARED_SELECTOR = YES;
				GCC_WARN_UNINITIALIZED_AUTOS = YES_AGGRESSIVE;
				GCC_WARN_UNUSED_FUNCTION = YES;
				GCC_WARN_UNUSED_VARIABLE = YES;
				MACOSX_DEPLOYMENT_TARGET = 10.10;
				MTL_ENABLE_DEBUG_INFO = NO;
				SDKROOT = macosx;
			};
			name = Release;
		};
		738F25391B22C9B7009CBB65 /* Debug */ = {
			isa = XCBuildConfiguration;
			buildSettings = {
				ASSETCATALOG_COMPILER_APPICON_NAME = AppIcon;
				COMBINE_HIDPI_IMAGES = YES;
				INFOPLIST_FILE = Letronom/Info.plist;
				LD_RUNPATH_SEARCH_PATHS = "$(inherited) @executable_path/../Frameworks";
				PRODUCT_NAME = "$(TARGET_NAME)";
			};
			name = Debug;
		};
		738F253A1B22C9B7009CBB65 /* Release */ = {
			isa = XCBuildConfiguration;
			buildSettings = {
				ASSETCATALOG_COMPILER_APPICON_NAME = AppIcon;
				COMBINE_HIDPI_IMAGES = YES;
				INFOPLIST_FILE = Letronom/Info.plist;
				LD_RUNPATH_SEARCH_PATHS = "$(inherited) @executable_path/../Frameworks";
				PRODUCT_NAME = "$(TARGET_NAME)";
			};
			name = Release;
		};
		738F253C1B22C9B7009CBB65 /* Debug */ = {
			isa = XCBuildConfiguration;
			buildSettings = {
				BUNDLE_LOADER = "$(TEST_HOST)";
				COMBINE_HIDPI_IMAGES = YES;
				FRAMEWORK_SEARCH_PATHS = (
					"$(DEVELOPER_FRAMEWORKS_DIR)",
					"$(inherited)",
				);
				GCC_PREPROCESSOR_DEFINITIONS = (
					"DEBUG=1",
					"$(inherited)",
				);
				INFOPLIST_FILE = LetronomTests/Info.plist;
				LD_RUNPATH_SEARCH_PATHS = "$(inherited) @executable_path/../Frameworks @loader_path/../Frameworks";
				PRODUCT_NAME = "$(TARGET_NAME)";
				TEST_HOST = "$(BUILT_PRODUCTS_DIR)/Letronom.app/Contents/MacOS/Letronom";
			};
			name = Debug;
		};
		738F253D1B22C9B7009CBB65 /* Release */ = {
			isa = XCBuildConfiguration;
			buildSettings = {
				BUNDLE_LOADER = "$(TEST_HOST)";
				COMBINE_HIDPI_IMAGES = YES;
				FRAMEWORK_SEARCH_PATHS = (
					"$(DEVELOPER_FRAMEWORKS_DIR)",
					"$(inherited)",
				);
				INFOPLIST_FILE = LetronomTests/Info.plist;
				LD_RUNPATH_SEARCH_PATHS = "$(inherited) @executable_path/../Frameworks @loader_path/../Frameworks";
				PRODUCT_NAME = "$(TARGET_NAME)";
				TEST_HOST = "$(BUILT_PRODUCTS_DIR)/Letronom.app/Contents/MacOS/Letronom";
			};
			name = Release;
		};
/* End XCBuildConfiguration section */

/* Begin XCConfigurationList section */
		738F25171B22C9B7009CBB65 /* Build configuration list for PBXProject "Letronom" */ = {
			isa = XCConfigurationList;
			buildConfigurations = (
				738F25361B22C9B7009CBB65 /* Debug */,
				738F25371B22C9B7009CBB65 /* Release */,
			);
			defaultConfigurationIsVisible = 0;
			defaultConfigurationName = Release;
		};
		738F25381B22C9B7009CBB65 /* Build configuration list for PBXNativeTarget "Letronom" */ = {
			isa = XCConfigurationList;
			buildConfigurations = (
				738F25391B22C9B7009CBB65 /* Debug */,
				738F253A1B22C9B7009CBB65 /* Release */,
			);
			defaultConfigurationIsVisible = 0;
		};
		738F253B1B22C9B7009CBB65 /* Build configuration list for PBXNativeTarget "LetronomTests" */ = {
			isa = XCConfigurationList;
			buildConfigurations = (
				738F253C1B22C9B7009CBB65 /* Debug */,
				738F253D1B22C9B7009CBB65 /* Release */,
			);
			defaultConfigurationIsVisible = 0;
		};
/* End XCConfigurationList section */
	};
	rootObject = 738F25141B22C9B7009CBB65 /* Project object */;
}
